github.com/andrewchambers/go-cdclient v0.0.0-20210823101709-55464b2eacac h1:j55pS+yByJ9aXqJvrYpLGfseg/N3JY6eZv463uyfbCE=
github.com/andrewchambers/go-cdclient v0.0.0-20210823101709-55464b2eacac/go.mod h1:RvSStBWFUoyen3MHFBBEDtST9MgwOy3zg1xK44SS0Pk=
github.com/andrewchambers/go-cdmetrics v0.0.0-20210823103409-5f64b0f00e65 h1:YKavQ7NEUjzMyz++Q8PwF6MB8URyYPpcks2+evLu4f0=
github.com/andrewchambers/go-cdmetrics v0.0.0-20210823103409-5f64b0f00e65/go.mod h1:q1D3lxJVmB2AkKL7wAI2mJrEVYH6Mxmndb+Ly7c7+XI=
github.com/andrewchambers/go-cdmetrics v0.0.0-20210823122309-23f51259f611 h1:nTvWDZfEJM9qfvbl5FUgEtx6QiW7LhKBvLvPhgGDA7o=
github.com/andrewchambers/go-cdmetrics v0.0.0-20210823122309-23f51259f611/go.mod h1:q1D3lxJVmB2AkKL7wAI2mJrEVYH6Mxmndb+Ly7c7+XI=
