github.com/andrewchambers/go-cdclient v0.0.0-20210823101709-55464b2eacac h1:j55pS+yByJ9aXqJvrYpLGfseg/N3JY6eZv463uyfbCE=
github.com/andrewchambers/go-cdclient v0.0.0-20210823101709-55464b2eacac/go.mod h1:RvSStBWFUoyen3MHFBBEDtST9MgwOy3zg1xK44SS0Pk=
github.com/andrewchambers/go-cdclient v0.0.0-20210902052642-1dda26cc5ad6 h1:1dJTgdAY01FKTJOLHrJC0kPlRw4ULHXLEd+RjpCSkc8=
github.com/andrewchambers/go-cdclient v0.0.0-20210902052642-1dda26cc5ad6/go.mod h1:RvSStBWFUoyen3MHFBBEDtST9MgwOy3zg1xK44SS0Pk=
github.com/andrewchambers/go-cdmetrics v0.0.0-20210823103409-5f64b0f00e65 h1:YKavQ7NEUjzMyz++Q8PwF6MB8URyYPpcks2+evLu4f0=
github.com/andrewchambers/go-cdmetrics v0.0.0-20210823103409-5f64b0f00e65/go.mod h1:q1D3lxJVmB2AkKL7wAI2mJrEVYH6Mxmndb+Ly7c7+XI=
github.com/andrewchambers/go-cdmetrics v0.0.0-20210823122309-23f51259f611 h1:nTvWDZfEJM9qfvbl5FUgEtx6QiW7LhKBvLvPhgGDA7o=
github.com/andrewchambers/go-cdmetrics v0.0.0-20210823122309-23f51259f611/go.mod h1:q1D3lxJVmB2AkKL7wAI2mJrEVYH6Mxmndb+Ly7c7+XI=
github.com/andrewchambers/go-cdmetrics v0.0.0-20210823125129-e0d38c891513 h1:3JVzx/Kn/txcvlx/moDSFhGCa8MjVW39CxPZRMa2m5U=
github.com/andrewchambers/go-cdmetrics v0.0.0-20210823125129-e0d38c891513/go.mod h1:q1D3lxJVmB2AkKL7wAI2mJrEVYH6Mxmndb+Ly7c7+XI=
github.com/andrewchambers/go-cdmetrics v0.0.0-20210902073328-976ca7faf872 h1:N8PrA8yy11AmuigRhz0QNgl9QvNbd7l2FoTstP/mDuY=
github.com/andrewchambers/go-cdmetrics v0.0.0-20210902073328-976ca7faf872/go.mod h1:HH0q8834292/iwwbXc62lTHjXCiXJDnDn69gvi8WR+k=
github.com/andrewchambers/go-cdmetrics v0.0.0-20210902083106-b3f16ccf37e6 h1:f0WRSvO1s5kfg+aiqDO4vSrZUn/2EbKUnSvvnYEk45w=
github.com/andrewchambers/go-cdmetrics v0.0.0-20210902083106-b3f16ccf37e6/go.mod h1:HH0q8834292/iwwbXc62lTHjXCiXJDnDn69gvi8WR+k=
github.com/andrewchambers/go-cdmetrics v0.0.0-20210902083359-48acc0bb323c h1:hu5XcPd1XD7sowKW+Fn6n4TkpI3V18DFjdLRc9dnPu4=
github.com/andrewchambers/go-cdmetrics v0.0.0-20210902083359-48acc0bb323c/go.mod h1:HH0q8834292/iwwbXc62lTHjXCiXJDnDn69gvi8WR+k=
